// !$*UTF8*$!
{
	archiveVersion = 1;
	classes = {
	};
	objectVersion = 46;
	objects = {

/* Begin PBXBuildFile section */
		B645E5051EDE736A00BA7798 /* main.m in Sources */ = {isa = PBXBuildFile; fileRef = B645E5041EDE736A00BA7798 /* main.m */; };
		B645E5081EDE736A00BA7798 /* AppDelegate.m in Sources */ = {isa = PBXBuildFile; fileRef = B645E5071EDE736A00BA7798 /* AppDelegate.m */; };
		B645E50B1EDE736A00BA7798 /* ViewController.m in Sources */ = {isa = PBXBuildFile; fileRef = B645E50A1EDE736A00BA7798 /* ViewController.m */; };
		B645E50E1EDE736A00BA7798 /* Main.storyboard in Resources */ = {isa = PBXBuildFile; fileRef = B645E50C1EDE736A00BA7798 /* Main.storyboard */; };
		B645E5101EDE736A00BA7798 /* Assets.xcassets in Resources */ = {isa = PBXBuildFile; fileRef = B645E50F1EDE736A00BA7798 /* Assets.xcassets */; };
		B645E5131EDE736A00BA7798 /* LaunchScreen.storyboard in Resources */ = {isa = PBXBuildFile; fileRef = B645E5111EDE736A00BA7798 /* LaunchScreen.storyboard */; };
		B645E51E1EDE736B00BA7798 /* CarsLeiSiTests.m in Sources */ = {isa = PBXBuildFile; fileRef = B645E51D1EDE736B00BA7798 /* CarsLeiSiTests.m */; };
		B645E5291EDE736B00BA7798 /* CarsLeiSiUITests.m in Sources */ = {isa = PBXBuildFile; fileRef = B645E5281EDE736B00BA7798 /* CarsLeiSiUITests.m */; };
		B645E53A1EDE7C5F00BA7798 /* 六背景.png in Resources */ = {isa = PBXBuildFile; fileRef = B645E5391EDE7C5F00BA7798 /* 六背景.png */; };
		B645E5401EDE91BE00BA7798 /* XSCarScrollView.m in Sources */ = {isa = PBXBuildFile; fileRef = B645E53F1EDE91BE00BA7798 /* XSCarScrollView.m */; };
		B645E5551EDE998300BA7798 /* AFHTTPRequestOperation.m in Sources */ = {isa = PBXBuildFile; fileRef = B645E5431EDE998300BA7798 /* AFHTTPRequestOperation.m */; };
		B645E5561EDE998300BA7798 /* AFHTTPRequestOperationManager.m in Sources */ = {isa = PBXBuildFile; fileRef = B645E5451EDE998300BA7798 /* AFHTTPRequestOperationManager.m */; };
		B645E5571EDE998300BA7798 /* AFHTTPSessionManager.m in Sources */ = {isa = PBXBuildFile; fileRef = B645E5471EDE998300BA7798 /* AFHTTPSessionManager.m */; };
		B645E5581EDE998300BA7798 /* AFNetworkReachabilityManager.m in Sources */ = {isa = PBXBuildFile; fileRef = B645E54A1EDE998300BA7798 /* AFNetworkReachabilityManager.m */; };
		B645E5591EDE998300BA7798 /* AFSecurityPolicy.m in Sources */ = {isa = PBXBuildFile; fileRef = B645E54C1EDE998300BA7798 /* AFSecurityPolicy.m */; };
		B645E55A1EDE998300BA7798 /* AFURLConnectionOperation.m in Sources */ = {isa = PBXBuildFile; fileRef = B645E54E1EDE998300BA7798 /* AFURLConnectionOperation.m */; };
		B645E55B1EDE998300BA7798 /* AFURLRequestSerialization.m in Sources */ = {isa = PBXBuildFile; fileRef = B645E5501EDE998300BA7798 /* AFURLRequestSerialization.m */; };
		B645E55C1EDE998300BA7798 /* AFURLResponseSerialization.m in Sources */ = {isa = PBXBuildFile; fileRef = B645E5521EDE998300BA7798 /* AFURLResponseSerialization.m */; };
		B645E55D1EDE998300BA7798 /* AFURLSessionManager.m in Sources */ = {isa = PBXBuildFile; fileRef = B645E5541EDE998300BA7798 /* AFURLSessionManager.m */; };
		B645E5601EDE998D00BA7798 /* HttpManager.m in Sources */ = {isa = PBXBuildFile; fileRef = B645E55F1EDE998D00BA7798 /* HttpManager.m */; };
		B645E5861EDE9B8200BA7798 /* MKAnnotationView+WebCache.m in Sources */ = {isa = PBXBuildFile; fileRef = B645E5651EDE9B8200BA7798 /* MKAnnotationView+WebCache.m */; };
		B645E5871EDE9B8200BA7798 /* NSData+ImageContentType.m in Sources */ = {isa = PBXBuildFile; fileRef = B645E5671EDE9B8200BA7798 /* NSData+ImageContentType.m */; };
		B645E5881EDE9B8200BA7798 /* SDImageCache.m in Sources */ = {isa = PBXBuildFile; fileRef = B645E5691EDE9B8200BA7798 /* SDImageCache.m */; };
		B645E5891EDE9B8200BA7798 /* SDWebImageCompat.m in Sources */ = {isa = PBXBuildFile; fileRef = B645E56B1EDE9B8200BA7798 /* SDWebImageCompat.m */; };
		B645E58A1EDE9B8200BA7798 /* SDWebImageDecoder.m in Sources */ = {isa = PBXBuildFile; fileRef = B645E56D1EDE9B8200BA7798 /* SDWebImageDecoder.m */; };
		B645E58B1EDE9B8200BA7798 /* SDWebImageDownloader.m in Sources */ = {isa = PBXBuildFile; fileRef = B645E56F1EDE9B8200BA7798 /* SDWebImageDownloader.m */; };
		B645E58C1EDE9B8200BA7798 /* SDWebImageDownloaderOperation.m in Sources */ = {isa = PBXBuildFile; fileRef = B645E5711EDE9B8200BA7798 /* SDWebImageDownloaderOperation.m */; };
		B645E58D1EDE9B8200BA7798 /* SDWebImageManager.m in Sources */ = {isa = PBXBuildFile; fileRef = B645E5731EDE9B8200BA7798 /* SDWebImageManager.m */; };
		B645E58E1EDE9B8200BA7798 /* SDWebImagePrefetcher.m in Sources */ = {isa = PBXBuildFile; fileRef = B645E5761EDE9B8200BA7798 /* SDWebImagePrefetcher.m */; };
		B645E58F1EDE9B8200BA7798 /* UIButton+WebCache.m in Sources */ = {isa = PBXBuildFile; fileRef = B645E5781EDE9B8200BA7798 /* UIButton+WebCache.m */; };
		B645E5901EDE9B8200BA7798 /* UIImage+GIF.m in Sources */ = {isa = PBXBuildFile; fileRef = B645E57A1EDE9B8200BA7798 /* UIImage+GIF.m */; };
		B645E5911EDE9B8200BA7798 /* UIImage+MultiFormat.m in Sources */ = {isa = PBXBuildFile; fileRef = B645E57C1EDE9B8200BA7798 /* UIImage+MultiFormat.m */; };
		B645E5921EDE9B8200BA7798 /* UIImage+WebP.m in Sources */ = {isa = PBXBuildFile; fileRef = B645E57E1EDE9B8200BA7798 /* UIImage+WebP.m */; };
		B645E5931EDE9B8200BA7798 /* UIImageView+HighlightedWebCache.m in Sources */ = {isa = PBXBuildFile; fileRef = B645E5801EDE9B8200BA7798 /* UIImageView+HighlightedWebCache.m */; };
		B645E5941EDE9B8200BA7798 /* UIImageView+WebCache.m in Sources */ = {isa = PBXBuildFile; fileRef = B645E5821EDE9B8200BA7798 /* UIImageView+WebCache.m */; };
		B645E5951EDE9B8200BA7798 /* UIView+WebCacheOperation.m in Sources */ = {isa = PBXBuildFile; fileRef = B645E5841EDE9B8200BA7798 /* UIView+WebCacheOperation.m */; };
		B6FC7BEE1EE9368C00E2E4CB /* FSSegmentTitleView.m in Sources */ = {isa = PBXBuildFile; fileRef = B6FC7BED1EE9368C00E2E4CB /* FSSegmentTitleView.m */; };
		B6FC7BF11EE9374800E2E4CB /* FSBaseTableView.m in Sources */ = {isa = PBXBuildFile; fileRef = B6FC7BF01EE9374800E2E4CB /* FSBaseTableView.m */; };
/* End PBXBuildFile section */

/* Begin PBXContainerItemProxy section */
		B645E51A1EDE736B00BA7798 /* PBXContainerItemProxy */ = {
			isa = PBXContainerItemProxy;
			containerPortal = B645E4F81EDE736A00BA7798 /* Project object */;
			proxyType = 1;
			remoteGlobalIDString = B645E4FF1EDE736A00BA7798;
			remoteInfo = CarsLeiSi;
		};
		B645E5251EDE736B00BA7798 /* PBXContainerItemProxy */ = {
			isa = PBXContainerItemProxy;
			containerPortal = B645E4F81EDE736A00BA7798 /* Project object */;
			proxyType = 1;
			remoteGlobalIDString = B645E4FF1EDE736A00BA7798;
			remoteInfo = CarsLeiSi;
		};
/* End PBXContainerItemProxy section */

/* Begin PBXFileReference section */
		B645E5001EDE736A00BA7798 /* CarsLeiSi.app */ = {isa = PBXFileReference; explicitFileType = wrapper.application; includeInIndex = 0; path = CarsLeiSi.app; sourceTree = BUILT_PRODUCTS_DIR; };
		B645E5041EDE736A00BA7798 /* main.m */ = {isa = PBXFileReference; lastKnownFileType = sourcecode.c.objc; path = main.m; sourceTree = "<group>"; };
		B645E5061EDE736A00BA7798 /* AppDelegate.h */ = {isa = PBXFileReference; lastKnownFileType = sourcecode.c.h; path = AppDelegate.h; sourceTree = "<group>"; };
		B645E5071EDE736A00BA7798 /* AppDelegate.m */ = {isa = PBXFileReference; lastKnownFileType = sourcecode.c.objc; path = AppDelegate.m; sourceTree = "<group>"; };
		B645E5091EDE736A00BA7798 /* ViewController.h */ = {isa = PBXFileReference; lastKnownFileType = sourcecode.c.h; path = ViewController.h; sourceTree = "<group>"; };
		B645E50A1EDE736A00BA7798 /* ViewController.m */ = {isa = PBXFileReference; lastKnownFileType = sourcecode.c.objc; path = ViewController.m; sourceTree = "<group>"; };
		B645E50D1EDE736A00BA7798 /* Base */ = {isa = PBXFileReference; lastKnownFileType = file.storyboard; name = Base; path = Base.lproj/Main.storyboard; sourceTree = "<group>"; };
		B645E50F1EDE736A00BA7798 /* Assets.xcassets */ = {isa = PBXFileReference; lastKnownFileType = folder.assetcatalog; path = Assets.xcassets; sourceTree = "<group>"; };
		B645E5121EDE736A00BA7798 /* Base */ = {isa = PBXFileReference; lastKnownFileType = file.storyboard; name = Base; path = Base.lproj/LaunchScreen.storyboard; sourceTree = "<group>"; };
		B645E5141EDE736A00BA7798 /* Info.plist */ = {isa = PBXFileReference; lastKnownFileType = text.plist.xml; path = Info.plist; sourceTree = "<group>"; };
		B645E5191EDE736B00BA7798 /* CarsLeiSiTests.xctest */ = {isa = PBXFileReference; explicitFileType = wrapper.cfbundle; includeInIndex = 0; path = CarsLeiSiTests.xctest; sourceTree = BUILT_PRODUCTS_DIR; };
		B645E51D1EDE736B00BA7798 /* CarsLeiSiTests.m */ = {isa = PBXFileReference; lastKnownFileType = sourcecode.c.objc; path = CarsLeiSiTests.m; sourceTree = "<group>"; };
		B645E51F1EDE736B00BA7798 /* Info.plist */ = {isa = PBXFileReference; lastKnownFileType = text.plist.xml; path = Info.plist; sourceTree = "<group>"; };
		B645E5241EDE736B00BA7798 /* CarsLeiSiUITests.xctest */ = {isa = PBXFileReference; explicitFileType = wrapper.cfbundle; includeInIndex = 0; path = CarsLeiSiUITests.xctest; sourceTree = BUILT_PRODUCTS_DIR; };
		B645E5281EDE736B00BA7798 /* CarsLeiSiUITests.m */ = {isa = PBXFileReference; lastKnownFileType = sourcecode.c.objc; path = CarsLeiSiUITests.m; sourceTree = "<group>"; };
		B645E52A1EDE736B00BA7798 /* Info.plist */ = {isa = PBXFileReference; lastKnownFileType = text.plist.xml; path = Info.plist; sourceTree = "<group>"; };
		B645E5391EDE7C5F00BA7798 /* 六背景.png */ = {isa = PBXFileReference; lastKnownFileType = image.png; path = "六背景.png"; sourceTree = "<group>"; };
		B645E53E1EDE91BE00BA7798 /* XSCarScrollView.h */ = {isa = PBXFileReference; fileEncoding = 4; lastKnownFileType = sourcecode.c.h; path = XSCarScrollView.h; sourceTree = "<group>"; };
		B645E53F1EDE91BE00BA7798 /* XSCarScrollView.m */ = {isa = PBXFileReference; fileEncoding = 4; lastKnownFileType = sourcecode.c.objc; path = XSCarScrollView.m; sourceTree = "<group>"; };
		B645E5421EDE998300BA7798 /* AFHTTPRequestOperation.h */ = {isa = PBXFileReference; fileEncoding = 4; lastKnownFileType = sourcecode.c.h; path = AFHTTPRequestOperation.h; sourceTree = "<group>"; };
		B645E5431EDE998300BA7798 /* AFHTTPRequestOperation.m */ = {isa = PBXFileReference; fileEncoding = 4; lastKnownFileType = sourcecode.c.objc; path = AFHTTPRequestOperation.m; sourceTree = "<group>"; };
		B645E5441EDE998300BA7798 /* AFHTTPRequestOperationManager.h */ = {isa = PBXFileReference; fileEncoding = 4; lastKnownFileType = sourcecode.c.h; path = AFHTTPRequestOperationManager.h; sourceTree = "<group>"; };
		B645E5451EDE998300BA7798 /* AFHTTPRequestOperationManager.m */ = {isa = PBXFileReference; fileEncoding = 4; lastKnownFileType = sourcecode.c.objc; path = AFHTTPRequestOperationManager.m; sourceTree = "<group>"; };
		B645E5461EDE998300BA7798 /* AFHTTPSessionManager.h */ = {isa = PBXFileReference; fileEncoding = 4; lastKnownFileType = sourcecode.c.h; path = AFHTTPSessionManager.h; sourceTree = "<group>"; };
		B645E5471EDE998300BA7798 /* AFHTTPSessionManager.m */ = {isa = PBXFileReference; fileEncoding = 4; lastKnownFileType = sourcecode.c.objc; path = AFHTTPSessionManager.m; sourceTree = "<group>"; };
		B645E5481EDE998300BA7798 /* AFNetworking.h */ = {isa = PBXFileReference; fileEncoding = 4; lastKnownFileType = sourcecode.c.h; path = AFNetworking.h; sourceTree = "<group>"; };
		B645E5491EDE998300BA7798 /* AFNetworkReachabilityManager.h */ = {isa = PBXFileReference; fileEncoding = 4; lastKnownFileType = sourcecode.c.h; path = AFNetworkReachabilityManager.h; sourceTree = "<group>"; };
		B645E54A1EDE998300BA7798 /* AFNetworkReachabilityManager.m */ = {isa = PBXFileReference; fileEncoding = 4; lastKnownFileType = sourcecode.c.objc; path = AFNetworkReachabilityManager.m; sourceTree = "<group>"; };
		B645E54B1EDE998300BA7798 /* AFSecurityPolicy.h */ = {isa = PBXFileReference; fileEncoding = 4; lastKnownFileType = sourcecode.c.h; path = AFSecurityPolicy.h; sourceTree = "<group>"; };
		B645E54C1EDE998300BA7798 /* AFSecurityPolicy.m */ = {isa = PBXFileReference; fileEncoding = 4; lastKnownFileType = sourcecode.c.objc; path = AFSecurityPolicy.m; sourceTree = "<group>"; };
		B645E54D1EDE998300BA7798 /* AFURLConnectionOperation.h */ = {isa = PBXFileReference; fileEncoding = 4; lastKnownFileType = sourcecode.c.h; path = AFURLConnectionOperation.h; sourceTree = "<group>"; };
		B645E54E1EDE998300BA7798 /* AFURLConnectionOperation.m */ = {isa = PBXFileReference; fileEncoding = 4; lastKnownFileType = sourcecode.c.objc; path = AFURLConnectionOperation.m; sourceTree = "<group>"; };
		B645E54F1EDE998300BA7798 /* AFURLRequestSerialization.h */ = {isa = PBXFileReference; fileEncoding = 4; lastKnownFileType = sourcecode.c.h; path = AFURLRequestSerialization.h; sourceTree = "<group>"; };
		B645E5501EDE998300BA7798 /* AFURLRequestSerialization.m */ = {isa = PBXFileReference; fileEncoding = 4; lastKnownFileType = sourcecode.c.objc; path = AFURLRequestSerialization.m; sourceTree = "<group>"; };
		B645E5511EDE998300BA7798 /* AFURLResponseSerialization.h */ = {isa = PBXFileReference; fileEncoding = 4; lastKnownFileType = sourcecode.c.h; path = AFURLResponseSerialization.h; sourceTree = "<group>"; };
		B645E5521EDE998300BA7798 /* AFURLResponseSerialization.m */ = {isa = PBXFileReference; fileEncoding = 4; lastKnownFileType = sourcecode.c.objc; path = AFURLResponseSerialization.m; sourceTree = "<group>"; };
		B645E5531EDE998300BA7798 /* AFURLSessionManager.h */ = {isa = PBXFileReference; fileEncoding = 4; lastKnownFileType = sourcecode.c.h; path = AFURLSessionManager.h; sourceTree = "<group>"; };
		B645E5541EDE998300BA7798 /* AFURLSessionManager.m */ = {isa = PBXFileReference; fileEncoding = 4; lastKnownFileType = sourcecode.c.objc; path = AFURLSessionManager.m; sourceTree = "<group>"; };
		B645E55E1EDE998D00BA7798 /* HttpManager.h */ = {isa = PBXFileReference; fileEncoding = 4; lastKnownFileType = sourcecode.c.h; path = HttpManager.h; sourceTree = "<group>"; };
		B645E55F1EDE998D00BA7798 /* HttpManager.m */ = {isa = PBXFileReference; fileEncoding = 4; lastKnownFileType = sourcecode.c.objc; path = HttpManager.m; sourceTree = "<group>"; };
		B645E5641EDE9B8200BA7798 /* MKAnnotationView+WebCache.h */ = {isa = PBXFileReference; fileEncoding = 4; lastKnownFileType = sourcecode.c.h; path = "MKAnnotationView+WebCache.h"; sourceTree = "<group>"; };
		B645E5651EDE9B8200BA7798 /* MKAnnotationView+WebCache.m */ = {isa = PBXFileReference; fileEncoding = 4; lastKnownFileType = sourcecode.c.objc; path = "MKAnnotationView+WebCache.m"; sourceTree = "<group>"; };
		B645E5661EDE9B8200BA7798 /* NSData+ImageContentType.h */ = {isa = PBXFileReference; fileEncoding = 4; lastKnownFileType = sourcecode.c.h; path = "NSData+ImageContentType.h"; sourceTree = "<group>"; };
		B645E5671EDE9B8200BA7798 /* NSData+ImageContentType.m */ = {isa = PBXFileReference; fileEncoding = 4; lastKnownFileType = sourcecode.c.objc; path = "NSData+ImageContentType.m"; sourceTree = "<group>"; };
		B645E5681EDE9B8200BA7798 /* SDImageCache.h */ = {isa = PBXFileReference; fileEncoding = 4; lastKnownFileType = sourcecode.c.h; path = SDImageCache.h; sourceTree = "<group>"; };
		B645E5691EDE9B8200BA7798 /* SDImageCache.m */ = {isa = PBXFileReference; fileEncoding = 4; lastKnownFileType = sourcecode.c.objc; path = SDImageCache.m; sourceTree = "<group>"; };
		B645E56A1EDE9B8200BA7798 /* SDWebImageCompat.h */ = {isa = PBXFileReference; fileEncoding = 4; lastKnownFileType = sourcecode.c.h; path = SDWebImageCompat.h; sourceTree = "<group>"; };
		B645E56B1EDE9B8200BA7798 /* SDWebImageCompat.m */ = {isa = PBXFileReference; fileEncoding = 4; lastKnownFileType = sourcecode.c.objc; path = SDWebImageCompat.m; sourceTree = "<group>"; };
		B645E56C1EDE9B8200BA7798 /* SDWebImageDecoder.h */ = {isa = PBXFileReference; fileEncoding = 4; lastKnownFileType = sourcecode.c.h; path = SDWebImageDecoder.h; sourceTree = "<group>"; };
		B645E56D1EDE9B8200BA7798 /* SDWebImageDecoder.m */ = {isa = PBXFileReference; fileEncoding = 4; lastKnownFileType = sourcecode.c.objc; path = SDWebImageDecoder.m; sourceTree = "<group>"; };
		B645E56E1EDE9B8200BA7798 /* SDWebImageDownloader.h */ = {isa = PBXFileReference; fileEncoding = 4; lastKnownFileType = sourcecode.c.h; path = SDWebImageDownloader.h; sourceTree = "<group>"; };
		B645E56F1EDE9B8200BA7798 /* SDWebImageDownloader.m */ = {isa = PBXFileReference; fileEncoding = 4; lastKnownFileType = sourcecode.c.objc; path = SDWebImageDownloader.m; sourceTree = "<group>"; };
		B645E5701EDE9B8200BA7798 /* SDWebImageDownloaderOperation.h */ = {isa = PBXFileReference; fileEncoding = 4; lastKnownFileType = sourcecode.c.h; path = SDWebImageDownloaderOperation.h; sourceTree = "<group>"; };
		B645E5711EDE9B8200BA7798 /* SDWebImageDownloaderOperation.m */ = {isa = PBXFileReference; fileEncoding = 4; lastKnownFileType = sourcecode.c.objc; path = SDWebImageDownloaderOperation.m; sourceTree = "<group>"; };
		B645E5721EDE9B8200BA7798 /* SDWebImageManager.h */ = {isa = PBXFileReference; fileEncoding = 4; lastKnownFileType = sourcecode.c.h; path = SDWebImageManager.h; sourceTree = "<group>"; };
		B645E5731EDE9B8200BA7798 /* SDWebImageManager.m */ = {isa = PBXFileReference; fileEncoding = 4; lastKnownFileType = sourcecode.c.objc; path = SDWebImageManager.m; sourceTree = "<group>"; };
		B645E5741EDE9B8200BA7798 /* SDWebImageOperation.h */ = {isa = PBXFileReference; fileEncoding = 4; lastKnownFileType = sourcecode.c.h; path = SDWebImageOperation.h; sourceTree = "<group>"; };
		B645E5751EDE9B8200BA7798 /* SDWebImagePrefetcher.h */ = {isa = PBXFileReference; fileEncoding = 4; lastKnownFileType = sourcecode.c.h; path = SDWebImagePrefetcher.h; sourceTree = "<group>"; };
		B645E5761EDE9B8200BA7798 /* SDWebImagePrefetcher.m */ = {isa = PBXFileReference; fileEncoding = 4; lastKnownFileType = sourcecode.c.objc; path = SDWebImagePrefetcher.m; sourceTree = "<group>"; };
		B645E5771EDE9B8200BA7798 /* UIButton+WebCache.h */ = {isa = PBXFileReference; fileEncoding = 4; lastKnownFileType = sourcecode.c.h; path = "UIButton+WebCache.h"; sourceTree = "<group>"; };
		B645E5781EDE9B8200BA7798 /* UIButton+WebCache.m */ = {isa = PBXFileReference; fileEncoding = 4; lastKnownFileType = sourcecode.c.objc; path = "UIButton+WebCache.m"; sourceTree = "<group>"; };
		B645E5791EDE9B8200BA7798 /* UIImage+GIF.h */ = {isa = PBXFileReference; fileEncoding = 4; lastKnownFileType = sourcecode.c.h; path = "UIImage+GIF.h"; sourceTree = "<group>"; };
		B645E57A1EDE9B8200BA7798 /* UIImage+GIF.m */ = {isa = PBXFileReference; fileEncoding = 4; lastKnownFileType = sourcecode.c.objc; path = "UIImage+GIF.m"; sourceTree = "<group>"; };
		B645E57B1EDE9B8200BA7798 /* UIImage+MultiFormat.h */ = {isa = PBXFileReference; fileEncoding = 4; lastKnownFileType = sourcecode.c.h; path = "UIImage+MultiFormat.h"; sourceTree = "<group>"; };
		B645E57C1EDE9B8200BA7798 /* UIImage+MultiFormat.m */ = {isa = PBXFileReference; fileEncoding = 4; lastKnownFileType = sourcecode.c.objc; path = "UIImage+MultiFormat.m"; sourceTree = "<group>"; };
		B645E57D1EDE9B8200BA7798 /* UIImage+WebP.h */ = {isa = PBXFileReference; fileEncoding = 4; lastKnownFileType = sourcecode.c.h; path = "UIImage+WebP.h"; sourceTree = "<group>"; };
		B645E57E1EDE9B8200BA7798 /* UIImage+WebP.m */ = {isa = PBXFileReference; fileEncoding = 4; lastKnownFileType = sourcecode.c.objc; path = "UIImage+WebP.m"; sourceTree = "<group>"; };
		B645E57F1EDE9B8200BA7798 /* UIImageView+HighlightedWebCache.h */ = {isa = PBXFileReference; fileEncoding = 4; lastKnownFileType = sourcecode.c.h; path = "UIImageView+HighlightedWebCache.h"; sourceTree = "<group>"; };
		B645E5801EDE9B8200BA7798 /* UIImageView+HighlightedWebCache.m */ = {isa = PBXFileReference; fileEncoding = 4; lastKnownFileType = sourcecode.c.objc; path = "UIImageView+HighlightedWebCache.m"; sourceTree = "<group>"; };
		B645E5811EDE9B8200BA7798 /* UIImageView+WebCache.h */ = {isa = PBXFileReference; fileEncoding = 4; lastKnownFileType = sourcecode.c.h; path = "UIImageView+WebCache.h"; sourceTree = "<group>"; };
		B645E5821EDE9B8200BA7798 /* UIImageView+WebCache.m */ = {isa = PBXFileReference; fileEncoding = 4; lastKnownFileType = sourcecode.c.objc; path = "UIImageView+WebCache.m"; sourceTree = "<group>"; };
		B645E5831EDE9B8200BA7798 /* UIView+WebCacheOperation.h */ = {isa = PBXFileReference; fileEncoding = 4; lastKnownFileType = sourcecode.c.h; path = "UIView+WebCacheOperation.h"; sourceTree = "<group>"; };
		B645E5841EDE9B8200BA7798 /* UIView+WebCacheOperation.m */ = {isa = PBXFileReference; fileEncoding = 4; lastKnownFileType = sourcecode.c.objc; path = "UIView+WebCacheOperation.m"; sourceTree = "<group>"; };
		B6FC7BEC1EE9368C00E2E4CB /* FSSegmentTitleView.h */ = {isa = PBXFileReference; fileEncoding = 4; lastKnownFileType = sourcecode.c.h; path = FSSegmentTitleView.h; sourceTree = "<group>"; };
		B6FC7BED1EE9368C00E2E4CB /* FSSegmentTitleView.m */ = {isa = PBXFileReference; fileEncoding = 4; lastKnownFileType = sourcecode.c.objc; path = FSSegmentTitleView.m; sourceTree = "<group>"; };
		B6FC7BEF1EE9374800E2E4CB /* FSBaseTableView.h */ = {isa = PBXFileReference; fileEncoding = 4; lastKnownFileType = sourcecode.c.h; path = FSBaseTableView.h; sourceTree = "<group>"; };
		B6FC7BF01EE9374800E2E4CB /* FSBaseTableView.m */ = {isa = PBXFileReference; fileEncoding = 4; lastKnownFileType = sourcecode.c.objc; path = FSBaseTableView.m; sourceTree = "<group>"; };
/* End PBXFileReference section */

/* Begin PBXFrameworksBuildPhase section */
		B645E4FD1EDE736A00BA7798 /* Frameworks */ = {
			isa = PBXFrameworksBuildPhase;
			buildActionMask = 2147483647;
			files = (
			);
			runOnlyForDeploymentPostprocessing = 0;
		};
		B645E5161EDE736B00BA7798 /* Frameworks */ = {
			isa = PBXFrameworksBuildPhase;
			buildActionMask = 2147483647;
			files = (
			);
			runOnlyForDeploymentPostprocessing = 0;
		};
		B645E5211EDE736B00BA7798 /* Frameworks */ = {
			isa = PBXFrameworksBuildPhase;
			buildActionMask = 2147483647;
			files = (
			);
			runOnlyForDeploymentPostprocessing = 0;
		};
/* End PBXFrameworksBuildPhase section */

/* Begin PBXGroup section */
		B645E4F71EDE736A00BA7798 = {
			isa = PBXGroup;
			children = (
				B645E5021EDE736A00BA7798 /* CarsLeiSi */,
				B645E51C1EDE736B00BA7798 /* CarsLeiSiTests */,
				B645E5271EDE736B00BA7798 /* CarsLeiSiUITests */,
				B645E5011EDE736A00BA7798 /* Products */,
			);
			sourceTree = "<group>";
		};
		B645E5011EDE736A00BA7798 /* Products */ = {
			isa = PBXGroup;
			children = (
				B645E5001EDE736A00BA7798 /* CarsLeiSi.app */,
				B645E5191EDE736B00BA7798 /* CarsLeiSiTests.xctest */,
				B645E5241EDE736B00BA7798 /* CarsLeiSiUITests.xctest */,
			);
			name = Products;
			sourceTree = "<group>";
		};
		B645E5021EDE736A00BA7798 /* CarsLeiSi */ = {
			isa = PBXGroup;
			children = (
				B6FC7BEC1EE9368C00E2E4CB /* FSSegmentTitleView.h */,
				B6FC7BED1EE9368C00E2E4CB /* FSSegmentTitleView.m */,
				B6FC7BEF1EE9374800E2E4CB /* FSBaseTableView.h */,
				B6FC7BF01EE9374800E2E4CB /* FSBaseTableView.m */,
				B645E5611EDE9B8200BA7798 /* SDWebImage */,
				B645E5411EDE998300BA7798 /* AFNetworking */,
				B645E5391EDE7C5F00BA7798 /* 六背景.png */,
				B645E5061EDE736A00BA7798 /* AppDelegate.h */,
				B645E5071EDE736A00BA7798 /* AppDelegate.m */,
				B645E5091EDE736A00BA7798 /* ViewController.h */,
				B645E50A1EDE736A00BA7798 /* ViewController.m */,
				B645E53E1EDE91BE00BA7798 /* XSCarScrollView.h */,
				B645E53F1EDE91BE00BA7798 /* XSCarScrollView.m */,
				B645E50C1EDE736A00BA7798 /* Main.storyboard */,
				B645E50F1EDE736A00BA7798 /* Assets.xcassets */,
				B645E5111EDE736A00BA7798 /* LaunchScreen.storyboard */,
				B645E5141EDE736A00BA7798 /* Info.plist */,
				B645E5031EDE736A00BA7798 /* Supporting Files */,
			);
			path = CarsLeiSi;
			sourceTree = "<group>";
		};
		B645E5031EDE736A00BA7798 /* Supporting Files */ = {
			isa = PBXGroup;
			children = (
				B645E5041EDE736A00BA7798 /* main.m */,
			);
			name = "Supporting Files";
			sourceTree = "<group>";
		};
		B645E51C1EDE736B00BA7798 /* CarsLeiSiTests */ = {
			isa = PBXGroup;
			children = (
				B645E51D1EDE736B00BA7798 /* CarsLeiSiTests.m */,
				B645E51F1EDE736B00BA7798 /* Info.plist */,
			);
			path = CarsLeiSiTests;
			sourceTree = "<group>";
		};
		B645E5271EDE736B00BA7798 /* CarsLeiSiUITests */ = {
			isa = PBXGroup;
			children = (
				B645E5281EDE736B00BA7798 /* CarsLeiSiUITests.m */,
				B645E52A1EDE736B00BA7798 /* Info.plist */,
			);
			path = CarsLeiSiUITests;
			sourceTree = "<group>";
		};
		B645E5411EDE998300BA7798 /* AFNetworking */ = {
			isa = PBXGroup;
			children = (
				B645E55E1EDE998D00BA7798 /* HttpManager.h */,
				B645E55F1EDE998D00BA7798 /* HttpManager.m */,
				B645E5421EDE998300BA7798 /* AFHTTPRequestOperation.h */,
				B645E5431EDE998300BA7798 /* AFHTTPRequestOperation.m */,
				B645E5441EDE998300BA7798 /* AFHTTPRequestOperationManager.h */,
				B645E5451EDE998300BA7798 /* AFHTTPRequestOperationManager.m */,
				B645E5461EDE998300BA7798 /* AFHTTPSessionManager.h */,
				B645E5471EDE998300BA7798 /* AFHTTPSessionManager.m */,
				B645E5481EDE998300BA7798 /* AFNetworking.h */,
				B645E5491EDE998300BA7798 /* AFNetworkReachabilityManager.h */,
				B645E54A1EDE998300BA7798 /* AFNetworkReachabilityManager.m */,
				B645E54B1EDE998300BA7798 /* AFSecurityPolicy.h */,
				B645E54C1EDE998300BA7798 /* AFSecurityPolicy.m */,
				B645E54D1EDE998300BA7798 /* AFURLConnectionOperation.h */,
				B645E54E1EDE998300BA7798 /* AFURLConnectionOperation.m */,
				B645E54F1EDE998300BA7798 /* AFURLRequestSerialization.h */,
				B645E5501EDE998300BA7798 /* AFURLRequestSerialization.m */,
				B645E5511EDE998300BA7798 /* AFURLResponseSerialization.h */,
				B645E5521EDE998300BA7798 /* AFURLResponseSerialization.m */,
				B645E5531EDE998300BA7798 /* AFURLSessionManager.h */,
				B645E5541EDE998300BA7798 /* AFURLSessionManager.m */,
			);
			path = AFNetworking;
			sourceTree = "<group>";
		};
		B645E5611EDE9B8200BA7798 /* SDWebImage */ = {
			isa = PBXGroup;
			children = (
				B645E5641EDE9B8200BA7798 /* MKAnnotationView+WebCache.h */,
				B645E5651EDE9B8200BA7798 /* MKAnnotationView+WebCache.m */,
				B645E5661EDE9B8200BA7798 /* NSData+ImageContentType.h */,
				B645E5671EDE9B8200BA7798 /* NSData+ImageContentType.m */,
				B645E5681EDE9B8200BA7798 /* SDImageCache.h */,
				B645E5691EDE9B8200BA7798 /* SDImageCache.m */,
				B645E56A1EDE9B8200BA7798 /* SDWebImageCompat.h */,
				B645E56B1EDE9B8200BA7798 /* SDWebImageCompat.m */,
				B645E56C1EDE9B8200BA7798 /* SDWebImageDecoder.h */,
				B645E56D1EDE9B8200BA7798 /* SDWebImageDecoder.m */,
				B645E56E1EDE9B8200BA7798 /* SDWebImageDownloader.h */,
				B645E56F1EDE9B8200BA7798 /* SDWebImageDownloader.m */,
				B645E5701EDE9B8200BA7798 /* SDWebImageDownloaderOperation.h */,
				B645E5711EDE9B8200BA7798 /* SDWebImageDownloaderOperation.m */,
				B645E5721EDE9B8200BA7798 /* SDWebImageManager.h */,
				B645E5731EDE9B8200BA7798 /* SDWebImageManager.m */,
				B645E5741EDE9B8200BA7798 /* SDWebImageOperation.h */,
				B645E5751EDE9B8200BA7798 /* SDWebImagePrefetcher.h */,
				B645E5761EDE9B8200BA7798 /* SDWebImagePrefetcher.m */,
				B645E5771EDE9B8200BA7798 /* UIButton+WebCache.h */,
				B645E5781EDE9B8200BA7798 /* UIButton+WebCache.m */,
				B645E5791EDE9B8200BA7798 /* UIImage+GIF.h */,
				B645E57A1EDE9B8200BA7798 /* UIImage+GIF.m */,
				B645E57B1EDE9B8200BA7798 /* UIImage+MultiFormat.h */,
				B645E57C1EDE9B8200BA7798 /* UIImage+MultiFormat.m */,
				B645E57D1EDE9B8200BA7798 /* UIImage+WebP.h */,
				B645E57E1EDE9B8200BA7798 /* UIImage+WebP.m */,
				B645E57F1EDE9B8200BA7798 /* UIImageView+HighlightedWebCache.h */,
				B645E5801EDE9B8200BA7798 /* UIImageView+HighlightedWebCache.m */,
				B645E5811EDE9B8200BA7798 /* UIImageView+WebCache.h */,
				B645E5821EDE9B8200BA7798 /* UIImageView+WebCache.m */,
				B645E5831EDE9B8200BA7798 /* UIView+WebCacheOperation.h */,
				B645E5841EDE9B8200BA7798 /* UIView+WebCacheOperation.m */,
			);
			path = SDWebImage;
			sourceTree = "<group>";
		};
/* End PBXGroup section */

/* Begin PBXNativeTarget section */
		B645E4FF1EDE736A00BA7798 /* CarsLeiSi */ = {
			isa = PBXNativeTarget;
			buildConfigurationList = B645E52D1EDE736B00BA7798 /* Build configuration list for PBXNativeTarget "CarsLeiSi" */;
			buildPhases = (
				B645E4FC1EDE736A00BA7798 /* Sources */,
				B645E4FD1EDE736A00BA7798 /* Frameworks */,
				B645E4FE1EDE736A00BA7798 /* Resources */,
			);
			buildRules = (
			);
			dependencies = (
			);
			name = CarsLeiSi;
			productName = CarsLeiSi;
			productReference = B645E5001EDE736A00BA7798 /* CarsLeiSi.app */;
			productType = "com.apple.product-type.application";
		};
		B645E5181EDE736B00BA7798 /* CarsLeiSiTests */ = {
			isa = PBXNativeTarget;
			buildConfigurationList = B645E5301EDE736B00BA7798 /* Build configuration list for PBXNativeTarget "CarsLeiSiTests" */;
			buildPhases = (
				B645E5151EDE736B00BA7798 /* Sources */,
				B645E5161EDE736B00BA7798 /* Frameworks */,
				B645E5171EDE736B00BA7798 /* Resources */,
			);
			buildRules = (
			);
			dependencies = (
				B645E51B1EDE736B00BA7798 /* PBXTargetDependency */,
			);
			name = CarsLeiSiTests;
			productName = CarsLeiSiTests;
			productReference = B645E5191EDE736B00BA7798 /* CarsLeiSiTests.xctest */;
			productType = "com.apple.product-type.bundle.unit-test";
		};
		B645E5231EDE736B00BA7798 /* CarsLeiSiUITests */ = {
			isa = PBXNativeTarget;
			buildConfigurationList = B645E5331EDE736B00BA7798 /* Build configuration list for PBXNativeTarget "CarsLeiSiUITests" */;
			buildPhases = (
				B645E5201EDE736B00BA7798 /* Sources */,
				B645E5211EDE736B00BA7798 /* Frameworks */,
				B645E5221EDE736B00BA7798 /* Resources */,
			);
			buildRules = (
			);
			dependencies = (
				B645E5261EDE736B00BA7798 /* PBXTargetDependency */,
			);
			name = CarsLeiSiUITests;
			productName = CarsLeiSiUITests;
			productReference = B645E5241EDE736B00BA7798 /* CarsLeiSiUITests.xctest */;
			productType = "com.apple.product-type.bundle.ui-testing";
		};
/* End PBXNativeTarget section */

/* Begin PBXProject section */
		B645E4F81EDE736A00BA7798 /* Project object */ = {
			isa = PBXProject;
			attributes = {
				LastUpgradeCheck = 0820;
				ORGANIZATIONNAME = MacBookXcZl;
				TargetAttributes = {
					B645E4FF1EDE736A00BA7798 = {
						CreatedOnToolsVersion = 8.2.1;
						DevelopmentTeam = 4XX5FCGC7Y;
						ProvisioningStyle = Automatic;
					};
					B645E5181EDE736B00BA7798 = {
						CreatedOnToolsVersion = 8.2.1;
						ProvisioningStyle = Automatic;
						TestTargetID = B645E4FF1EDE736A00BA7798;
					};
					B645E5231EDE736B00BA7798 = {
						CreatedOnToolsVersion = 8.2.1;
						ProvisioningStyle = Automatic;
						TestTargetID = B645E4FF1EDE736A00BA7798;
					};
				};
			};
			buildConfigurationList = B645E4FB1EDE736A00BA7798 /* Build configuration list for PBXProject "CarsLeiSi" */;
			compatibilityVersion = "Xcode 3.2";
			developmentRegion = English;
			hasScannedForEncodings = 0;
			knownRegions = (
				en,
				Base,
			);
			mainGroup = B645E4F71EDE736A00BA7798;
			productRefGroup = B645E5011EDE736A00BA7798 /* Products */;
			projectDirPath = "";
			projectRoot = "";
			targets = (
				B645E4FF1EDE736A00BA7798 /* CarsLeiSi */,
				B645E5181EDE736B00BA7798 /* CarsLeiSiTests */,
				B645E5231EDE736B00BA7798 /* CarsLeiSiUITests */,
			);
		};
/* End PBXProject section */

/* Begin PBXResourcesBuildPhase section */
		B645E4FE1EDE736A00BA7798 /* Resources */ = {
			isa = PBXResourcesBuildPhase;
			buildActionMask = 2147483647;
			files = (
				B645E5131EDE736A00BA7798 /* LaunchScreen.storyboard in Resources */,
				B645E5101EDE736A00BA7798 /* Assets.xcassets in Resources */,
				B645E53A1EDE7C5F00BA7798 /* 六背景.png in Resources */,
				B645E50E1EDE736A00BA7798 /* Main.storyboard in Resources */,
			);
			runOnlyForDeploymentPostprocessing = 0;
		};
		B645E5171EDE736B00BA7798 /* Resources */ = {
			isa = PBXResourcesBuildPhase;
			buildActionMask = 2147483647;
			files = (
			);
			runOnlyForDeploymentPostprocessing = 0;
		};
		B645E5221EDE736B00BA7798 /* Resources */ = {
			isa = PBXResourcesBuildPhase;
			buildActionMask = 2147483647;
			files = (
			);
			runOnlyForDeploymentPostprocessing = 0;
		};
/* End PBXResourcesBuildPhase section */

/* Begin PBXSourcesBuildPhase section */
		B645E4FC1EDE736A00BA7798 /* Sources */ = {
			isa = PBXSourcesBuildPhase;
			buildActionMask = 2147483647;
			files = (
				B645E5901EDE9B8200BA7798 /* UIImage+GIF.m in Sources */,
				B6FC7BEE1EE9368C00E2E4CB /* FSSegmentTitleView.m in Sources */,
				B645E58D1EDE9B8200BA7798 /* SDWebImageManager.m in Sources */,
				B6FC7BF11EE9374800E2E4CB /* FSBaseTableView.m in Sources */,
				B645E5941EDE9B8200BA7798 /* UIImageView+WebCache.m in Sources */,
				B645E58C1EDE9B8200BA7798 /* SDWebImageDownloaderOperation.m in Sources */,
				B645E5881EDE9B8200BA7798 /* SDImageCache.m in Sources */,
				B645E5861EDE9B8200BA7798 /* MKAnnotationView+WebCache.m in Sources */,
				B645E50B1EDE736A00BA7798 /* ViewController.m in Sources */,
				B645E5911EDE9B8200BA7798 /* UIImage+MultiFormat.m in Sources */,
				B645E5591EDE998300BA7798 /* AFSecurityPolicy.m in Sources */,
				B645E5401EDE91BE00BA7798 /* XSCarScrollView.m in Sources */,
				B645E5951EDE9B8200BA7798 /* UIView+WebCacheOperation.m in Sources */,
				B645E5601EDE998D00BA7798 /* HttpManager.m in Sources */,
				B645E5921EDE9B8200BA7798 /* UIImage+WebP.m in Sources */,
				B645E58E1EDE9B8200BA7798 /* SDWebImagePrefetcher.m in Sources */,
				B645E5561EDE998300BA7798 /* AFHTTPRequestOperationManager.m in Sources */,
				B645E55A1EDE998300BA7798 /* AFURLConnectionOperation.m in Sources */,
				B645E5551EDE998300BA7798 /* AFHTTPRequestOperation.m in Sources */,
				B645E5891EDE9B8200BA7798 /* SDWebImageCompat.m in Sources */,
				B645E5871EDE9B8200BA7798 /* NSData+ImageContentType.m in Sources */,
				B645E58A1EDE9B8200BA7798 /* SDWebImageDecoder.m in Sources */,
				B645E5081EDE736A00BA7798 /* AppDelegate.m in Sources */,
				B645E5931EDE9B8200BA7798 /* UIImageView+HighlightedWebCache.m in Sources */,
				B645E58F1EDE9B8200BA7798 /* UIButton+WebCache.m in Sources */,
				B645E55B1EDE998300BA7798 /* AFURLRequestSerialization.m in Sources */,
				B645E5571EDE998300BA7798 /* AFHTTPSessionManager.m in Sources */,
				B645E5581EDE998300BA7798 /* AFNetworkReachabilityManager.m in Sources */,
				B645E55C1EDE998300BA7798 /* AFURLResponseSerialization.m in Sources */,
				B645E55D1EDE998300BA7798 /* AFURLSessionManager.m in Sources */,
				B645E58B1EDE9B8200BA7798 /* SDWebImageDownloader.m in Sources */,
				B645E5051EDE736A00BA7798 /* main.m in Sources */,
			);
			runOnlyForDeploymentPostprocessing = 0;
		};
		B645E5151EDE736B00BA7798 /* Sources */ = {
			isa = PBXSourcesBuildPhase;
			buildActionMask = 2147483647;
			files = (
				B645E51E1EDE736B00BA7798 /* CarsLeiSiTests.m in Sources */,
			);
			runOnlyForDeploymentPostprocessing = 0;
		};
		B645E5201EDE736B00BA7798 /* Sources */ = {
			isa = PBXSourcesBuildPhase;
			buildActionMask = 2147483647;
			files = (
				B645E5291EDE736B00BA7798 /* CarsLeiSiUITests.m in Sources */,
			);
			runOnlyForDeploymentPostprocessing = 0;
		};
/* End PBXSourcesBuildPhase section */

/* Begin PBXTargetDependency section */
		B645E51B1EDE736B00BA7798 /* PBXTargetDependency */ = {
			isa = PBXTargetDependency;
			target = B645E4FF1EDE736A00BA7798 /* CarsLeiSi */;
			targetProxy = B645E51A1EDE736B00BA7798 /* PBXContainerItemProxy */;
		};
		B645E5261EDE736B00BA7798 /* PBXTargetDependency */ = {
			isa = PBXTargetDependency;
			target = B645E4FF1EDE736A00BA7798 /* CarsLeiSi */;
			targetProxy = B645E5251EDE736B00BA7798 /* PBXContainerItemProxy */;
		};
/* End PBXTargetDependency section */

/* Begin PBXVariantGroup section */
		B645E50C1EDE736A00BA7798 /* Main.storyboard */ = {
			isa = PBXVariantGroup;
			children = (
				B645E50D1EDE736A00BA7798 /* Base */,
			);
			name = Main.storyboard;
			sourceTree = "<group>";
		};
		B645E5111EDE736A00BA7798 /* LaunchScreen.storyboard */ = {
			isa = PBXVariantGroup;
			children = (
				B645E5121EDE736A00BA7798 /* Base */,
			);
			name = LaunchScreen.storyboard;
			sourceTree = "<group>";
		};
/* End PBXVariantGroup section */

/* Begin XCBuildConfiguration section */
		B645E52B1EDE736B00BA7798 /* Debug */ = {
			isa = XCBuildConfiguration;
			buildSettings = {
				ALWAYS_SEARCH_USER_PATHS = NO;
				CLANG_ANALYZER_NONNULL = YES;
				CLANG_CXX_LANGUAGE_STANDARD = "gnu++0x";
				CLANG_CXX_LIBRARY = "libc++";
				CLANG_ENABLE_MODULES = YES;
				CLANG_ENABLE_OBJC_ARC = YES;
				CLANG_WARN_BOOL_CONVERSION = YES;
				CLANG_WARN_CONSTANT_CONVERSION = YES;
				CLANG_WARN_DIRECT_OBJC_ISA_USAGE = YES_ERROR;
				CLANG_WARN_DOCUMENTATION_COMMENTS = YES;
				CLANG_WARN_EMPTY_BODY = YES;
				CLANG_WARN_ENUM_CONVERSION = YES;
				CLANG_WARN_INFINITE_RECURSION = YES;
				CLANG_WARN_INT_CONVERSION = YES;
				CLANG_WARN_OBJC_ROOT_CLASS = YES_ERROR;
				CLANG_WARN_SUSPICIOUS_MOVE = YES;
				CLANG_WARN_UNREACHABLE_CODE = YES;
				CLANG_WARN__DUPLICATE_METHOD_MATCH = YES;
				"CODE_SIGN_IDENTITY[sdk=iphoneos*]" = "iPhone Developer";
				COPY_PHASE_STRIP = NO;
				DEBUG_INFORMATION_FORMAT = dwarf;
				ENABLE_STRICT_OBJC_MSGSEND = YES;
				ENABLE_TESTABILITY = YES;
				GCC_C_LANGUAGE_STANDARD = gnu99;
				GCC_DYNAMIC_NO_PIC = NO;
				GCC_NO_COMMON_BLOCKS = YES;
				GCC_OPTIMIZATION_LEVEL = 0;
				GCC_PREPROCESSOR_DEFINITIONS = (
					"DEBUG=1",
					"$(inherited)",
				);
				GCC_WARN_64_TO_32_BIT_CONVERSION = YES;
				GCC_WARN_ABOUT_RETURN_TYPE = YES_ERROR;
				GCC_WARN_UNDECLARED_SELECTOR = YES;
				GCC_WARN_UNINITIALIZED_AUTOS = YES_AGGRESSIVE;
				GCC_WARN_UNUSED_FUNCTION = YES;
				GCC_WARN_UNUSED_VARIABLE = YES;
				IPHONEOS_DEPLOYMENT_TARGET = 10.2;
				MTL_ENABLE_DEBUG_INFO = YES;
				ONLY_ACTIVE_ARCH = YES;
				SDKROOT = iphoneos;
				TARGETED_DEVICE_FAMILY = "1,2";
			};
			name = Debug;
		};
		B645E52C1EDE736B00BA7798 /* Release */ = {
			isa = XCBuildConfiguration;
			buildSettings = {
				ALWAYS_SEARCH_USER_PATHS = NO;
				CLANG_ANALYZER_NONNULL = YES;
				CLANG_CXX_LANGUAGE_STANDARD = "gnu++0x";
				CLANG_CXX_LIBRARY = "libc++";
				CLANG_ENABLE_MODULES = YES;
				CLANG_ENABLE_OBJC_ARC = YES;
				CLANG_WARN_BOOL_CONVERSION = YES;
				CLANG_WARN_CONSTANT_CONVERSION = YES;
				CLANG_WARN_DIRECT_OBJC_ISA_USAGE = YES_ERROR;
				CLANG_WARN_DOCUMENTATION_COMMENTS = YES;
				CLANG_WARN_EMPTY_BODY = YES;
				CLANG_WARN_ENUM_CONVERSION = YES;
				CLANG_WARN_INFINITE_RECURSION = YES;
				CLANG_WARN_INT_CONVERSION = YES;
				CLANG_WARN_OBJC_ROOT_CLASS = YES_ERROR;
				CLANG_WARN_SUSPICIOUS_MOVE = YES;
				CLANG_WARN_UNREACHABLE_CODE = YES;
				CLANG_WARN__DUPLICATE_METHOD_MATCH = YES;
				"CODE_SIGN_IDENTITY[sdk=iphoneos*]" = "iPhone Developer";
				COPY_PHASE_STRIP = NO;
				DEBUG_INFORMATION_FORMAT = "dwarf-with-dsym";
				ENABLE_NS_ASSERTIONS = NO;
				ENABLE_STRICT_OBJC_MSGSEND = YES;
				GCC_C_LANGUAGE_STANDARD = gnu99;
				GCC_NO_COMMON_BLOCKS = YES;
				GCC_WARN_64_TO_32_BIT_CONVERSION = YES;
				GCC_WARN_ABOUT_RETURN_TYPE = YES_ERROR;
				GCC_WARN_UNDECLARED_SELECTOR = YES;
				GCC_WARN_UNINITIALIZED_AUTOS = YES_AGGRESSIVE;
				GCC_WARN_UNUSED_FUNCTION = YES;
				GCC_WARN_UNUSED_VARIABLE = YES;
				IPHONEOS_DEPLOYMENT_TARGET = 10.2;
				MTL_ENABLE_DEBUG_INFO = NO;
				SDKROOT = iphoneos;
				TARGETED_DEVICE_FAMILY = "1,2";
				VALIDATE_PRODUCT = YES;
			};
			name = Release;
		};
		B645E52E1EDE736B00BA7798 /* Debug */ = {
			isa = XCBuildConfiguration;
			buildSettings = {
				ASSETCATALOG_COMPILER_APPICON_NAME = AppIcon;
				DEVELOPMENT_TEAM = 4XX5FCGC7Y;
				INFOPLIST_FILE = CarsLeiSi/Info.plist;
				LD_RUNPATH_SEARCH_PATHS = "$(inherited) @executable_path/Frameworks";
				PRODUCT_BUNDLE_IDENTIFIER = MacBookXcZl.com.CarsLeiSi;
				PRODUCT_NAME = "$(TARGET_NAME)";
			};
			name = Debug;
		};
		B645E52F1EDE736B00BA7798 /* Release */ = {
			isa = XCBuildConfiguration;
			buildSettings = {
				ASSETCATALOG_COMPILER_APPICON_NAME = AppIcon;
				DEVELOPMENT_TEAM = 4XX5FCGC7Y;
				INFOPLIST_FILE = CarsLeiSi/Info.plist;
				LD_RUNPATH_SEARCH_PATHS = "$(inherited) @executable_path/Frameworks";
				PRODUCT_BUNDLE_IDENTIFIER = MacBookXcZl.com.CarsLeiSi;
				PRODUCT_NAME = "$(TARGET_NAME)";
			};
			name = Release;
		};
		B645E5311EDE736B00BA7798 /* Debug */ = {
			isa = XCBuildConfiguration;
			buildSettings = {
				BUNDLE_LOADER = "$(TEST_HOST)";
				INFOPLIST_FILE = CarsLeiSiTests/Info.plist;
				LD_RUNPATH_SEARCH_PATHS = "$(inherited) @executable_path/Frameworks @loader_path/Frameworks";
				PRODUCT_BUNDLE_IDENTIFIER = MacBookXcZl.com.CarsLeiSiTests;
				PRODUCT_NAME = "$(TARGET_NAME)";
				TEST_HOST = "$(BUILT_PRODUCTS_DIR)/CarsLeiSi.app/CarsLeiSi";
			};
			name = Debug;
		};
		B645E5321EDE736B00BA7798 /* Release */ = {
			isa = XCBuildConfiguration;
			buildSettings = {
				BUNDLE_LOADER = "$(TEST_HOST)";
				INFOPLIST_FILE = CarsLeiSiTests/Info.plist;
				LD_RUNPATH_SEARCH_PATHS = "$(inherited) @executable_path/Frameworks @loader_path/Frameworks";
				PRODUCT_BUNDLE_IDENTIFIER = MacBookXcZl.com.CarsLeiSiTests;
				PRODUCT_NAME = "$(TARGET_NAME)";
				TEST_HOST = "$(BUILT_PRODUCTS_DIR)/CarsLeiSi.app/CarsLeiSi";
			};
			name = Release;
		};
		B645E5341EDE736B00BA7798 /* Debug */ = {
			isa = XCBuildConfiguration;
			buildSettings = {
				INFOPLIST_FILE = CarsLeiSiUITests/Info.plist;
				LD_RUNPATH_SEARCH_PATHS = "$(inherited) @executable_path/Frameworks @loader_path/Frameworks";
				PRODUCT_BUNDLE_IDENTIFIER = MacBookXcZl.com.CarsLeiSiUITests;
				PRODUCT_NAME = "$(TARGET_NAME)";
				TEST_TARGET_NAME = CarsLeiSi;
			};
			name = Debug;
		};
		B645E5351EDE736B00BA7798 /* Release */ = {
			isa = XCBuildConfiguration;
			buildSettings = {
				INFOPLIST_FILE = CarsLeiSiUITests/Info.plist;
				LD_RUNPATH_SEARCH_PATHS = "$(inherited) @executable_path/Frameworks @loader_path/Frameworks";
				PRODUCT_BUNDLE_IDENTIFIER = MacBookXcZl.com.CarsLeiSiUITests;
				PRODUCT_NAME = "$(TARGET_NAME)";
				TEST_TARGET_NAME = CarsLeiSi;
			};
			name = Release;
		};
/* End XCBuildConfiguration section */

/* Begin XCConfigurationList section */
		B645E4FB1EDE736A00BA7798 /* Build configuration list for PBXProject "CarsLeiSi" */ = {
			isa = XCConfigurationList;
			buildConfigurations = (
				B645E52B1EDE736B00BA7798 /* Debug */,
				B645E52C1EDE736B00BA7798 /* Release */,
			);
			defaultConfigurationIsVisible = 0;
			defaultConfigurationName = Release;
		};
		B645E52D1EDE736B00BA7798 /* Build configuration list for PBXNativeTarget "CarsLeiSi" */ = {
			isa = XCConfigurationList;
			buildConfigurations = (
				B645E52E1EDE736B00BA7798 /* Debug */,
				B645E52F1EDE736B00BA7798 /* Release */,
			);
			defaultConfigurationIsVisible = 0;
			defaultConfigurationName = Release;
		};
		B645E5301EDE736B00BA7798 /* Build configuration list for PBXNativeTarget "CarsLeiSiTests" */ = {
			isa = XCConfigurationList;
			buildConfigurations = (
				B645E5311EDE736B00BA7798 /* Debug */,
				B645E5321EDE736B00BA7798 /* Release */,
			);
			defaultConfigurationIsVisible = 0;
			defaultConfigurationName = Release;
		};
		B645E5331EDE736B00BA7798 /* Build configuration list for PBXNativeTarget "CarsLeiSiUITests" */ = {
			isa = XCConfigurationList;
			buildConfigurations = (
				B645E5341EDE736B00BA7798 /* Debug */,
				B645E5351EDE736B00BA7798 /* Release */,
			);
			defaultConfigurationIsVisible = 0;
			defaultConfigurationName = Release;
		};
/* End XCConfigurationList section */
	};
	rootObject = B645E4F81EDE736A00BA7798 /* Project object */;
}
